PODS:
  - Flutter (1.0.0)
  - flutter_image_compress_common (1.0.0):
    - Flutter
    - Mantle
    - SDWebImage
    - SDWebImageWebPCoder
  - flutter_local_notifications (0.0.1):
    - Flutter
  - libwebp (1.5.0):
    - libwebp/demux (= 1.5.0)
    - libwebp/mux (= 1.5.0)
    - libwebp/sharpyuv (= 1.5.0)
    - libwebp/webp (= 1.5.0)
  - libwebp/demux (1.5.0):
    - libwebp/webp
  - libwebp/mux (1.5.0):
    - libwebp/demux
  - libwebp/sharpyuv (1.5.0)
  - libwebp/webp (1.5.0):
    - libwebp/sharpyuv
  - Mantle (2.2.0):
    - Mantle/extobjc (= 2.2.0)
  - Mantle/extobjc (2.2.0)
  - open_filex (0.0.2):
    - Flutter
  - permission_handler_apple (9.3.0):
    - Flutter
  - razorpay-core-pod (1.0.6)
  - razorpay-pod (1.5.3):
    - razorpay-core-pod (= 1.0.6)
  - razorpay_flutter (1.1.10):
    - Flutter
    - razorpay-pod
  - screen_protector (1.5.1):
    - Flutter
    - ScreenProtectorKit (= 1.5.1)
  - ScreenProtectorKit (1.5.1)
  - SDWebImage (5.21.7):
    - SDWebImage/Core (= 5.21.7)
  - SDWebImage/Core (5.21.7)
  - SDWebImageWebPCoder (0.15.0):
    - libwebp (~> 1.0)
    - SDWebImage/Core (~> 5.17)
  - share_plus (0.0.1):
    - Flutter
  - sign_in_with_apple (0.0.1):
    - Flutter

DEPENDENCIES:
  - Flutter (from `Flutter`)
  - flutter_image_compress_common (from `.symlinks/plugins/flutter_image_compress_common/ios`)
  - flutter_local_notifications (from `.symlinks/plugins/flutter_local_notifications/ios`)
  - open_filex (from `.symlinks/plugins/open_filex/ios`)
  - permission_handler_apple (from `.symlinks/plugins/permission_handler_apple/ios`)
  - razorpay_flutter (from `.symlinks/plugins/razorpay_flutter/ios`)
  - screen_protector (from `.symlinks/plugins/screen_protector/ios`)
  - share_plus (from `.symlinks/plugins/share_plus/ios`)
  - sign_in_with_apple (from `.symlinks/plugins/sign_in_with_apple/ios`)

SPEC REPOS:
  trunk:
    - libwebp
    - Mantle
    - razorpay-core-pod
    - razorpay-pod
    - ScreenProtectorKit
    - SDWebImage
    - SDWebImageWebPCoder

EXTERNAL SOURCES:
  Flutter:
    :path: Flutter
  flutter_image_compress_common:
    :path: ".symlinks/plugins/flutter_image_compress_common/ios"
  flutter_local_notifications:
    :path: ".symlinks/plugins/flutter_local_notifications/ios"
  open_filex:
    :path: ".symlinks/plugins/open_filex/ios"
  permission_handler_apple:
    :path: ".symlinks/plugins/permission_handler_apple/ios"
  razorpay_flutter:
    :path: ".symlinks/plugins/razorpay_flutter/ios"
  screen_protector:
    :path: ".symlinks/plugins/screen_protector/ios"
  share_plus:
    :path: ".symlinks/plugins/share_plus/ios"
  sign_in_with_apple:
    :path: ".symlinks/plugins/sign_in_with_apple/ios"

SPEC CHECKSUMS:
  Flutter: cabc95a1d2626b1b06e7179b784ebcf0c0cde467
  flutter_image_compress_common: 1697a328fd72bfb335507c6bca1a65fa5ad87df1
  flutter_local_notifications: ad39620c743ea4c15127860f4b5641649a988100
  libwebp: 02b23773aedb6ff1fd38cec7a77b81414c6842a8
  Mantle: c5aa8794a29a022dfbbfc9799af95f477a69b62d
  open_filex: 432f3cd11432da3e39f47fcc0df2b1603854eff1
  permission_handler_apple: 4ed2196e43d0651e8ff7ca3483a069d469701f2d
  razorpay-core-pod: 6da5fb4ed280279d665507fdb50e213d793a5fe2
  razorpay-pod: 4385cf844aa29389313b741e20c72fe668970d49
  razorpay_flutter: 0e98e4fcaae27ad50e011d85f66d85e0a008754a
  screen_protector: 18c6aca2dc5d2a832f6787a5318f97f03e9d3150
  ScreenProtectorKit: 6ceb3e0808341a9bc15d175bff40dfdd4b32da71
  SDWebImage: e9fc87c1aab89a8ab1bbd74eba378c6f53be8abf
  SDWebImageWebPCoder: 0e06e365080397465cc73a7a9b472d8a3bd0f377
  share_plus: de6030e33b4e106470e09322d87cf2a4258d2d1d
  sign_in_with_apple: c5dcc141574c8c54d5ac99dd2163c0c72ad22418

PODFILE CHECKSUM: 2c2709b0f001d0f868994417e789b34642352a01

COCOAPODS: 1.16.2
